{
  "requires": true,
  "lockfileVersion": 1,
  "dependencies": {
    "mdbootstrap": {
      "version": "4.11.0",
      "resolved": "https://registry.npmjs.org/mdbootstrap/-/mdbootstrap-4.11.0.tgz",
      "integrity": "sha512-3yhRRo8UQDqRgeEutSpx9jIECzkyPebOq/oYsG2TLAmXVmujDBb+OoTW6+yZ1MtaQZCu8AF8D1/pM9Y8sLj3uA=="
    },
    "sweetalert2": {
      "version": "9.5.4",
      "resolved": "https://registry.npmjs.org/sweetalert2/-/sweetalert2-9.5.4.tgz",
      "integrity": "sha512-9FSmW9mCbRTHyx6Nbtgeb5348pJYNGaBafn3reKe/Zx/gOBgxsRVHj3GQ4VusU/tuqDobKAIHUdUvNdsU3MXPQ=="
    }
  }
}
